
Microsoft Visual Studio Solution File, Format Version 12.00
# Visual Studio Version 16
VisualStudioVersion = 16.0.29306.81
MinimumVisualStudioVersion = 15.0.26124.0
Project("{9A19103F-16F7-4668-BE54-9A1E7A4F7556}") = "TestBenchmark.Benchmark", "TestBenchmark.Benchmark\TestBenchmark.Benchmark.csproj", "{E545D57F-315D-44A7-8BB5-81076EF1C757}"
EndProject
Project("{9A19103F-16F7-4668-BE54-9A1E7A4F7556}") = "TestBenchmark.Lib", "TestBenchmark.Lib\TestBenchmark.Lib.csproj", "{05804481-3A14-4B33-8635-3649B9EAFD8A}"
EndProject
Project("{FAE04EC0-301F-11D3-BF4B-00C04F79EFBC}") = "TestBenchmark.Specs", "TestBenchmark.Specs\TestBenchmark.Specs.csproj", "{B5C002E0-A228-4241-A5CB-CE5A093EEB3E}"
EndProject
Global
	GlobalSection(SolutionConfigurationPlatforms) = preSolution
		Debug|Any CPU = Debug|Any CPU
		Debug|x64 = Debug|x64
		Debug|x86 = Debug|x86
		Release|Any CPU = Release|Any CPU
		Release|x64 = Release|x64
		Release|x86 = Release|x86
	EndGlobalSection
	GlobalSection(ProjectConfigurationPlatforms) = postSolution
		{E545D57F-315D-44A7-8BB5-81076EF1C757}.Debug|Any CPU.ActiveCfg = Debug|Any CPU
		{E545D57F-315D-44A7-8BB5-81076EF1C757}.Debug|Any CPU.Build.0 = Debug|Any CPU
		{E545D57F-315D-44A7-8BB5-81076EF1C757}.Debug|x64.ActiveCfg = Debug|Any CPU
		{E545D57F-315D-44A7-8BB5-81076EF1C757}.Debug|x64.Build.0 = Debug|Any CPU
		{E545D57F-315D-44A7-8BB5-81076EF1C757}.Debug|x86.ActiveCfg = Debug|Any CPU
		{E545D57F-315D-44A7-8BB5-81076EF1C757}.Debug|x86.Build.0 = Debug|Any CPU
		{E545D57F-315D-44A7-8BB5-81076EF1C757}.Release|Any CPU.ActiveCfg = Release|Any CPU
		{E545D57F-315D-44A7-8BB5-81076EF1C757}.Release|Any CPU.Build.0 = Release|Any CPU
		{E545D57F-315D-44A7-8BB5-81076EF1C757}.Release|x64.ActiveCfg = Release|Any CPU
		{E545D57F-315D-44A7-8BB5-81076EF1C757}.Release|x64.Build.0 = Release|Any CPU
		{E545D57F-315D-44A7-8BB5-81076EF1C757}.Release|x86.ActiveCfg = Release|Any CPU
		{E545D57F-315D-44A7-8BB5-81076EF1C757}.Release|x86.Build.0 = Release|Any CPU
		{05804481-3A14-4B33-8635-3649B9EAFD8A}.Debug|Any CPU.ActiveCfg = Debug|Any CPU
		{05804481-3A14-4B33-8635-3649B9EAFD8A}.Debug|Any CPU.Build.0 = Debug|Any CPU
		{05804481-3A14-4B33-8635-3649B9EAFD8A}.Debug|x64.ActiveCfg = Debug|Any CPU
		{05804481-3A14-4B33-8635-3649B9EAFD8A}.Debug|x64.Build.0 = Debug|Any CPU
		{05804481-3A14-4B33-8635-3649B9EAFD8A}.Debug|x86.ActiveCfg = Debug|Any CPU
		{05804481-3A14-4B33-8635-3649B9EAFD8A}.Debug|x86.Build.0 = Debug|Any CPU
		{05804481-3A14-4B33-8635-3649B9EAFD8A}.Release|Any CPU.ActiveCfg = Release|Any CPU
		{05804481-3A14-4B33-8635-3649B9EAFD8A}.Release|Any CPU.Build.0 = Release|Any CPU
		{05804481-3A14-4B33-8635-3649B9EAFD8A}.Release|x64.ActiveCfg = Release|Any CPU
		{05804481-3A14-4B33-8635-3649B9EAFD8A}.Release|x64.Build.0 = Release|Any CPU
		{05804481-3A14-4B33-8635-3649B9EAFD8A}.Release|x86.ActiveCfg = Release|Any CPU
		{05804481-3A14-4B33-8635-3649B9EAFD8A}.Release|x86.Build.0 = Release|Any CPU
		{B5C002E0-A228-4241-A5CB-CE5A093EEB3E}.Debug|Any CPU.ActiveCfg = Debug|Any CPU
		{B5C002E0-A228-4241-A5CB-CE5A093EEB3E}.Debug|Any CPU.Build.0 = Debug|Any CPU
		{B5C002E0-A228-4241-A5CB-CE5A093EEB3E}.Debug|x64.ActiveCfg = Debug|Any CPU
		{B5C002E0-A228-4241-A5CB-CE5A093EEB3E}.Debug|x64.Build.0 = Debug|Any CPU
		{B5C002E0-A228-4241-A5CB-CE5A093EEB3E}.Debug|x86.ActiveCfg = Debug|Any CPU
		{B5C002E0-A228-4241-A5CB-CE5A093EEB3E}.Debug|x86.Build.0 = Debug|Any CPU
		{B5C002E0-A228-4241-A5CB-CE5A093EEB3E}.Release|Any CPU.ActiveCfg = Release|Any CPU
		{B5C002E0-A228-4241-A5CB-CE5A093EEB3E}.Release|Any CPU.Build.0 = Release|Any CPU
		{B5C002E0-A228-4241-A5CB-CE5A093EEB3E}.Release|x64.ActiveCfg = Release|Any CPU
		{B5C002E0-A228-4241-A5CB-CE5A093EEB3E}.Release|x64.Build.0 = Release|Any CPU
		{B5C002E0-A228-4241-A5CB-CE5A093EEB3E}.Release|x86.ActiveCfg = Release|Any CPU
		{B5C002E0-A228-4241-A5CB-CE5A093EEB3E}.Release|x86.Build.0 = Release|Any CPU
	EndGlobalSection
	GlobalSection(SolutionProperties) = preSolution
		HideSolutionNode = FALSE
	EndGlobalSection
	GlobalSection(ExtensibilityGlobals) = postSolution
		SolutionGuid = {8F4D3E47-1DB7-43DC-B8F3-759296C72A11}
	EndGlobalSection
EndGlobal
